
Microsoft Visual Studio Solution File, Format Version 12.00
# Visual Studio Version 17
VisualStudioVersion = 17.2.32630.192
MinimumVisualStudioVersion = 10.0.40219.1
Project("{FAE04EC0-301F-11D3-BF4B-00C04F79EFBC}") = "HarryPotter.ConsoleApp", "HarryPotter.ConsoleApp\HarryPotter.ConsoleApp.csproj", "{F36CC8B0-60C5-4A9F-8343-347B19894F9C}"
EndProject
Global
	GlobalSection(SolutionConfigurationPlatforms) = preSolution
		Debug|Any CPU = Debug|Any CPU
		Release|Any CPU = Release|Any CPU
	EndGlobalSection
	GlobalSection(ProjectConfigurationPlatforms) = postSolution
		{F36CC8B0-60C5-4A9F-8343-347B19894F9C}.Debug|Any CPU.ActiveCfg = Debug|Any CPU
		{F36CC8B0-60C5-4A9F-8343-347B19894F9C}.Debug|Any CPU.Build.0 = Debug|Any CPU
		{F36CC8B0-60C5-4A9F-8343-347B19894F9C}.Release|Any CPU.ActiveCfg = Release|Any CPU
		{F36CC8B0-60C5-4A9F-8343-347B19894F9C}.Release|Any CPU.Build.0 = Release|Any CPU
	EndGlobalSection
	GlobalSection(SolutionProperties) = preSolution
		HideSolutionNode = FALSE
	EndGlobalSection
	GlobalSection(ExtensibilityGlobals) = postSolution
		SolutionGuid = {99AA03F7-F2C5-4353-9FF9-5DF186E6FBCE}
	EndGlobalSection
EndGlobal
